
Microsoft Visual Studio Solution File, Format Version 12.00
# Visual Studio Version 16
VisualStudioVersion = 16.0.31105.61
MinimumVisualStudioVersion = 10.0.40219.1
Project("{9A19103F-16F7-4668-BE54-9A1E7A4F7556}") = "Business", "Business\Business.csproj", "{7E6D203F-A683-411D-A020-9C3FED0B2EB4}"
EndProject
Project("{9A19103F-16F7-4668-BE54-9A1E7A4F7556}") = "DataAccess", "DataAccess\DataAccess.csproj", "{6DD5141A-0552-4390-8B20-67E8DAC4F3AC}"
EndProject
Project("{9A19103F-16F7-4668-BE54-9A1E7A4F7556}") = "Entities", "Entities\Entities.csproj", "{7789D94E-CF1A-40DB-B2E0-60DF231A987E}"
EndProject
Project("{9A19103F-16F7-4668-BE54-9A1E7A4F7556}") = "ConsoleUI", "ConsoleUI\ConsoleUI.csproj", "{67F99A98-F4D0-4AD0-AA54-5BDE019E5E38}"
EndProject
Global
	GlobalSection(SolutionConfigurationPlatforms) = preSolution
		Debug|Any CPU = Debug|Any CPU
		Release|Any CPU = Release|Any CPU
	EndGlobalSection
	GlobalSection(ProjectConfigurationPlatforms) = postSolution
		{7E6D203F-A683-411D-A020-9C3FED0B2EB4}.Debug|Any CPU.ActiveCfg = Debug|Any CPU
		{7E6D203F-A683-411D-A020-9C3FED0B2EB4}.Debug|Any CPU.Build.0 = Debug|Any CPU
		{7E6D203F-A683-411D-A020-9C3FED0B2EB4}.Release|Any CPU.ActiveCfg = Release|Any CPU
		{7E6D203F-A683-411D-A020-9C3FED0B2EB4}.Release|Any CPU.Build.0 = Release|Any CPU
		{6DD5141A-0552-4390-8B20-67E8DAC4F3AC}.Debug|Any CPU.ActiveCfg = Debug|Any CPU
		{6DD5141A-0552-4390-8B20-67E8DAC4F3AC}.Debug|Any CPU.Build.0 = Debug|Any CPU
		{6DD5141A-0552-4390-8B20-67E8DAC4F3AC}.Release|Any CPU.ActiveCfg = Release|Any CPU
		{6DD5141A-0552-4390-8B20-67E8DAC4F3AC}.Release|Any CPU.Build.0 = Release|Any CPU
		{7789D94E-CF1A-40DB-B2E0-60DF231A987E}.Debug|Any CPU.ActiveCfg = Debug|Any CPU
		{7789D94E-CF1A-40DB-B2E0-60DF231A987E}.Debug|Any CPU.Build.0 = Debug|Any CPU
		{7789D94E-CF1A-40DB-B2E0-60DF231A987E}.Release|Any CPU.ActiveCfg = Release|Any CPU
		{7789D94E-CF1A-40DB-B2E0-60DF231A987E}.Release|Any CPU.Build.0 = Release|Any CPU
		{67F99A98-F4D0-4AD0-AA54-5BDE019E5E38}.Debug|Any CPU.ActiveCfg = Debug|Any CPU
		{67F99A98-F4D0-4AD0-AA54-5BDE019E5E38}.Debug|Any CPU.Build.0 = Debug|Any CPU
		{67F99A98-F4D0-4AD0-AA54-5BDE019E5E38}.Release|Any CPU.ActiveCfg = Release|Any CPU
		{67F99A98-F4D0-4AD0-AA54-5BDE019E5E38}.Release|Any CPU.Build.0 = Release|Any CPU
	EndGlobalSection
	GlobalSection(SolutionProperties) = preSolution
		HideSolutionNode = FALSE
	EndGlobalSection
	GlobalSection(ExtensibilityGlobals) = postSolution
		SolutionGuid = {87DF56BD-0AA1-4CD5-B06E-B7295E59E72D}
	EndGlobalSection
EndGlobal
